// !$*UTF8*$!
{
	archiveVersion = 1;
	classes = {
	};
	objectVersion = 51;
	objects = {

/* Begin PBXBuildFile section */
		3F14091B23DC0C0F00651B35 /* SaveCalbitVC.swift in Sources */ = {isa = PBXBuildFile; fileRef = 3F14091A23DC0C0F00651B35 /* SaveCalbitVC.swift */; };
		3F229CF023D542EE00B1BA5C /* Settings.storyboard in Resources */ = {isa = PBXBuildFile; fileRef = 3F229CEF23D542EE00B1BA5C /* Settings.storyboard */; };
		3F5E9D5A23E3BE340012252C /* Calbit.swift in Sources */ = {isa = PBXBuildFile; fileRef = 3F5E9D5923E3BE330012252C /* Calbit.swift */; };
		3F5ED37923E2A867004FC6C0 /* CalbitDetailVC.swift in Sources */ = {isa = PBXBuildFile; fileRef = 3F5ED37823E2A867004FC6C0 /* CalbitDetailVC.swift */; };
		3F86478A23CF3DD900F262CD /* WeekVC.swift in Sources */ = {isa = PBXBuildFile; fileRef = 3F86478923CF3DD900F262CD /* WeekVC.swift */; };
		3F86478C23CF452B00F262CD /* Switcher.swift in Sources */ = {isa = PBXBuildFile; fileRef = 3F86478B23CF452B00F262CD /* Switcher.swift */; };
		3F86478F23CF47C700F262CD /* TabBarTBC.swift in Sources */ = {isa = PBXBuildFile; fileRef = 3F86478E23CF47C700F262CD /* TabBarTBC.swift */; };
		3F96746823DC7D5500168915 /* DateUtil.swift in Sources */ = {isa = PBXBuildFile; fileRef = 3F96746723DC7D5500168915 /* DateUtil.swift */; };
		3FA103C623DD96F20058615F /* CalendarTVC.swift in Sources */ = {isa = PBXBuildFile; fileRef = 3FA103C523DD96F20058615F /* CalendarTVC.swift */; };
		3FA103CA23DD99B50058615F /* Constants.swift in Sources */ = {isa = PBXBuildFile; fileRef = 3FA103C923DD99B50058615F /* Constants.swift */; };
		3FA1F06E23CACE4100450777 /* AppDelegate.swift in Sources */ = {isa = PBXBuildFile; fileRef = 3FA1F06D23CACE4100450777 /* AppDelegate.swift */; };
		3FA1F07023CACE4100450777 /* ViewController.swift in Sources */ = {isa = PBXBuildFile; fileRef = 3FA1F06F23CACE4100450777 /* ViewController.swift */; };
		3FA1F07323CACE4100450777 /* Main.storyboard in Resources */ = {isa = PBXBuildFile; fileRef = 3FA1F07123CACE4100450777 /* Main.storyboard */; };
		3FA1F07623CACE4100450777 /* Calbitica.xcdatamodeld in Sources */ = {isa = PBXBuildFile; fileRef = 3FA1F07423CACE4100450777 /* Calbitica.xcdatamodeld */; };
		3FA1F07823CACE4200450777 /* Assets.xcassets in Resources */ = {isa = PBXBuildFile; fileRef = 3FA1F07723CACE4200450777 /* Assets.xcassets */; };
		3FA1F07B23CACE4200450777 /* LaunchScreen.storyboard in Resources */ = {isa = PBXBuildFile; fileRef = 3FA1F07923CACE4200450777 /* LaunchScreen.storyboard */; };
		3FA1F08723CAD2A400450777 /* AuthController.swift in Sources */ = {isa = PBXBuildFile; fileRef = 3FA1F08623CAD2A400450777 /* AuthController.swift */; };
		3FA1F08B23CAD3A400450777 /* SignInVC.swift in Sources */ = {isa = PBXBuildFile; fileRef = 3FA1F08A23CAD3A400450777 /* SignInVC.swift */; };
		3FA1F09023CADA4300450777 /* Calbitica.swift in Sources */ = {isa = PBXBuildFile; fileRef = 3FA1F08F23CADA4300450777 /* Calbitica.swift */; };
		3FA1F09223CADCC400450777 /* HttpUtil.swift in Sources */ = {isa = PBXBuildFile; fileRef = 3FA1F09123CADCC400450777 /* HttpUtil.swift */; };
		3FA1F09523CB5EB000450777 /* CalbiticaCalbits.swift in Sources */ = {isa = PBXBuildFile; fileRef = 3FA1F09423CB5EB000450777 /* CalbiticaCalbits.swift */; };
		3FB1B36C23DC9F4000E96A54 /* CCView.swift in Sources */ = {isa = PBXBuildFile; fileRef = 3FB1B36B23DC9F4000E96A54 /* CCView.swift */; };
		3FB1B37A23DCAE9200E96A54 /* DarkCCViewColHeader.swift in Sources */ = {isa = PBXBuildFile; fileRef = 3FB1B37923DCAE9200E96A54 /* DarkCCViewColHeader.swift */; };
		3FB1B37C23DCAEBB00E96A54 /* DarkCCViewRowHeader.swift in Sources */ = {isa = PBXBuildFile; fileRef = 3FB1B37B23DCAEBB00E96A54 /* DarkCCViewRowHeader.swift */; };
		3FC5100A23D1619200FE944C /* CalbiticaResponse.swift in Sources */ = {isa = PBXBuildFile; fileRef = 3FC5100923D1619200FE944C /* CalbiticaResponse.swift */; };
		3FC7776123CD0AAE00586A58 /* User.swift in Sources */ = {isa = PBXBuildFile; fileRef = 3FC7775F23CD0AAE00586A58 /* User.swift */; };
		3FC7776223CD0AAE00586A58 /* CalbiticaCalendar.swift in Sources */ = {isa = PBXBuildFile; fileRef = 3FC7776023CD0AAE00586A58 /* CalbiticaCalendar.swift */; };
		3FC7776623CD253A00586A58 /* JsonUtil.swift in Sources */ = {isa = PBXBuildFile; fileRef = 3FC7776523CD253A00586A58 /* JsonUtil.swift */; };
		3FD9270523CF4CEE00046C7D /* AgendaVC.swift in Sources */ = {isa = PBXBuildFile; fileRef = 3FD9270423CF4CEE00046C7D /* AgendaVC.swift */; };
		3FD9270823CF4E6700046C7D /* SettingsVC.swift in Sources */ = {isa = PBXBuildFile; fileRef = 3FD9270723CF4E6700046C7D /* SettingsVC.swift */; };
		3FD9270B23CF505A00046C7D /* ProfileVC.swift in Sources */ = {isa = PBXBuildFile; fileRef = 3FD9270A23CF505A00046C7D /* ProfileVC.swift */; };
		3FE0D3A023DBF00F004B4FC8 /* SpinnerAlert.swift in Sources */ = {isa = PBXBuildFile; fileRef = 3FE0D39F23DBF00F004B4FC8 /* SpinnerAlert.swift */; };
		3FE0D3A323DBF933004B4FC8 /* Week.storyboard in Resources */ = {isa = PBXBuildFile; fileRef = 3FE0D3A223DBF932004B4FC8 /* Week.storyboard */; };
		3FE1E2E023E19D5000645F13 /* HabiticaSettingsVC.swift in Sources */ = {isa = PBXBuildFile; fileRef = 3FE1E2DF23E19D5000645F13 /* HabiticaSettingsVC.swift */; };
		3FE1E2E223E1B77C00645F13 /* OkAlert.swift in Sources */ = {isa = PBXBuildFile; fileRef = 3FE1E2E123E1B77C00645F13 /* OkAlert.swift */; };
		3FF144B623E1E9FE004F1046 /* DarkTextField.swift in Sources */ = {isa = PBXBuildFile; fileRef = 3FF144B523E1E9FE004F1046 /* DarkTextField.swift */; };
		4E468781AAC1AD48BE0E0620 /* Pods_Calbitica.framework in Frameworks */ = {isa = PBXBuildFile; fileRef = 5C49268FBFFCDC9FB496DFB1 /* Pods_Calbitica.framework */; };
		CE26005823E6907B007ACC0A /* Profile.storyboard in Resources */ = {isa = PBXBuildFile; fileRef = CE26005723E6907B007ACC0A /* Profile.storyboard */; };
		CE26005A23E6952E007ACC0A /* Profile.swift in Sources */ = {isa = PBXBuildFile; fileRef = CE26005923E6952E007ACC0A /* Profile.swift */; };
		CE3C52CB23E661EE007E3E9E /* AboutVC.swift in Sources */ = {isa = PBXBuildFile; fileRef = CE3C52CA23E661EE007E3E9E /* AboutVC.swift */; };
		CE4A9DCC23E5281E00D01229 /* Login.storyboard in Resources */ = {isa = PBXBuildFile; fileRef = CE4A9DCB23E5281E00D01229 /* Login.storyboard */; };
/* End PBXBuildFile section */

/* Begin PBXFileReference section */
		3F14091A23DC0C0F00651B35 /* SaveCalbitVC.swift */ = {isa = PBXFileReference; lastKnownFileType = sourcecode.swift; path = SaveCalbitVC.swift; sourceTree = "<group>"; };
		3F229CEF23D542EE00B1BA5C /* Settings.storyboard */ = {isa = PBXFileReference; fileEncoding = 4; lastKnownFileType = file.storyboard; path = Settings.storyboard; sourceTree = "<group>"; };
		3F5E9D5923E3BE330012252C /* Calbit.swift */ = {isa = PBXFileReference; fileEncoding = 4; lastKnownFileType = sourcecode.swift; path = Calbit.swift; sourceTree = "<group>"; };
		3F5ED37823E2A867004FC6C0 /* CalbitDetailVC.swift */ = {isa = PBXFileReference; lastKnownFileType = sourcecode.swift; path = CalbitDetailVC.swift; sourceTree = "<group>"; };
		3F86478923CF3DD900F262CD /* WeekVC.swift */ = {isa = PBXFileReference; lastKnownFileType = sourcecode.swift; path = WeekVC.swift; sourceTree = "<group>"; };
		3F86478B23CF452B00F262CD /* Switcher.swift */ = {isa = PBXFileReference; lastKnownFileType = sourcecode.swift; path = Switcher.swift; sourceTree = "<group>"; };
		3F86478E23CF47C700F262CD /* TabBarTBC.swift */ = {isa = PBXFileReference; lastKnownFileType = sourcecode.swift; path = TabBarTBC.swift; sourceTree = "<group>"; };
		3F96746723DC7D5500168915 /* DateUtil.swift */ = {isa = PBXFileReference; lastKnownFileType = sourcecode.swift; path = DateUtil.swift; sourceTree = "<group>"; };
		3FA103C523DD96F20058615F /* CalendarTVC.swift */ = {isa = PBXFileReference; lastKnownFileType = sourcecode.swift; path = CalendarTVC.swift; sourceTree = "<group>"; };
		3FA103C923DD99B50058615F /* Constants.swift */ = {isa = PBXFileReference; lastKnownFileType = sourcecode.swift; path = Constants.swift; sourceTree = "<group>"; };
		3FA1F06A23CACE4100450777 /* Calbitica.app */ = {isa = PBXFileReference; explicitFileType = wrapper.application; includeInIndex = 0; path = Calbitica.app; sourceTree = BUILT_PRODUCTS_DIR; };
		3FA1F06D23CACE4100450777 /* AppDelegate.swift */ = {isa = PBXFileReference; lastKnownFileType = sourcecode.swift; path = AppDelegate.swift; sourceTree = "<group>"; };
		3FA1F06F23CACE4100450777 /* ViewController.swift */ = {isa = PBXFileReference; lastKnownFileType = sourcecode.swift; path = ViewController.swift; sourceTree = "<group>"; };
		3FA1F07223CACE4100450777 /* Base */ = {isa = PBXFileReference; lastKnownFileType = file.storyboard; name = Base; path = Base.lproj/Main.storyboard; sourceTree = "<group>"; };
		3FA1F07523CACE4100450777 /* Calbitica.xcdatamodel */ = {isa = PBXFileReference; lastKnownFileType = wrapper.xcdatamodel; path = Calbitica.xcdatamodel; sourceTree = "<group>"; };
		3FA1F07723CACE4200450777 /* Assets.xcassets */ = {isa = PBXFileReference; lastKnownFileType = folder.assetcatalog; path = Assets.xcassets; sourceTree = "<group>"; };
		3FA1F07A23CACE4200450777 /* Base */ = {isa = PBXFileReference; lastKnownFileType = file.storyboard; name = Base; path = Base.lproj/LaunchScreen.storyboard; sourceTree = "<group>"; };
		3FA1F07C23CACE4200450777 /* Info.plist */ = {isa = PBXFileReference; lastKnownFileType = text.plist.xml; path = Info.plist; sourceTree = "<group>"; };
		3FA1F08623CAD2A400450777 /* AuthController.swift */ = {isa = PBXFileReference; lastKnownFileType = sourcecode.swift; path = AuthController.swift; sourceTree = "<group>"; };
		3FA1F08A23CAD3A400450777 /* SignInVC.swift */ = {isa = PBXFileReference; lastKnownFileType = sourcecode.swift; path = SignInVC.swift; sourceTree = "<group>"; };
		3FA1F08F23CADA4300450777 /* Calbitica.swift */ = {isa = PBXFileReference; lastKnownFileType = sourcecode.swift; path = Calbitica.swift; sourceTree = "<group>"; };
		3FA1F09123CADCC400450777 /* HttpUtil.swift */ = {isa = PBXFileReference; lastKnownFileType = sourcecode.swift; path = HttpUtil.swift; sourceTree = "<group>"; };
		3FA1F09423CB5EB000450777 /* CalbiticaCalbits.swift */ = {isa = PBXFileReference; lastKnownFileType = sourcecode.swift; path = CalbiticaCalbits.swift; sourceTree = "<group>"; };
		3FB1B36B23DC9F4000E96A54 /* CCView.swift */ = {isa = PBXFileReference; lastKnownFileType = sourcecode.swift; path = CCView.swift; sourceTree = "<group>"; };
		3FB1B37023DCAD2100E96A54 /* AppAuth.framework */ = {isa = PBXFileReference; explicitFileType = wrapper.framework; path = AppAuth.framework; sourceTree = BUILT_PRODUCTS_DIR; };
		3FB1B37223DCAD2700E96A54 /* GTMAppAuth.framework */ = {isa = PBXFileReference; explicitFileType = wrapper.framework; path = GTMAppAuth.framework; sourceTree = BUILT_PRODUCTS_DIR; };
		3FB1B37423DCAD2700E96A54 /* GTMSessionFetcher.framework */ = {isa = PBXFileReference; explicitFileType = wrapper.framework; path = GTMSessionFetcher.framework; sourceTree = BUILT_PRODUCTS_DIR; };
		3FB1B37623DCAD2700E96A54 /* JZCalendarWeekView.framework */ = {isa = PBXFileReference; explicitFileType = wrapper.framework; path = JZCalendarWeekView.framework; sourceTree = BUILT_PRODUCTS_DIR; };
		3FB1B37923DCAE9200E96A54 /* DarkCCViewColHeader.swift */ = {isa = PBXFileReference; lastKnownFileType = sourcecode.swift; path = DarkCCViewColHeader.swift; sourceTree = "<group>"; };
		3FB1B37B23DCAEBB00E96A54 /* DarkCCViewRowHeader.swift */ = {isa = PBXFileReference; lastKnownFileType = sourcecode.swift; path = DarkCCViewRowHeader.swift; sourceTree = "<group>"; };
		3FC5100923D1619200FE944C /* CalbiticaResponse.swift */ = {isa = PBXFileReference; lastKnownFileType = sourcecode.swift; path = CalbiticaResponse.swift; sourceTree = "<group>"; };
		3FC7775F23CD0AAE00586A58 /* User.swift */ = {isa = PBXFileReference; fileEncoding = 4; lastKnownFileType = sourcecode.swift; path = User.swift; sourceTree = "<group>"; };
		3FC7776023CD0AAE00586A58 /* CalbiticaCalendar.swift */ = {isa = PBXFileReference; fileEncoding = 4; lastKnownFileType = sourcecode.swift; path = CalbiticaCalendar.swift; sourceTree = "<group>"; };
		3FC7776523CD253A00586A58 /* JsonUtil.swift */ = {isa = PBXFileReference; lastKnownFileType = sourcecode.swift; path = JsonUtil.swift; sourceTree = "<group>"; };
		3FD9270423CF4CEE00046C7D /* AgendaVC.swift */ = {isa = PBXFileReference; lastKnownFileType = sourcecode.swift; path = AgendaVC.swift; sourceTree = "<group>"; };
		3FD9270723CF4E6700046C7D /* SettingsVC.swift */ = {isa = PBXFileReference; lastKnownFileType = sourcecode.swift; path = SettingsVC.swift; sourceTree = "<group>"; };
		3FD9270A23CF505A00046C7D /* ProfileVC.swift */ = {isa = PBXFileReference; lastKnownFileType = sourcecode.swift; path = ProfileVC.swift; sourceTree = "<group>"; };
		3FE0D39F23DBF00F004B4FC8 /* SpinnerAlert.swift */ = {isa = PBXFileReference; lastKnownFileType = sourcecode.swift; path = SpinnerAlert.swift; sourceTree = "<group>"; };
		3FE0D3A223DBF932004B4FC8 /* Week.storyboard */ = {isa = PBXFileReference; fileEncoding = 4; lastKnownFileType = file.storyboard; path = Week.storyboard; sourceTree = "<group>"; };
		3FE1E2DF23E19D5000645F13 /* HabiticaSettingsVC.swift */ = {isa = PBXFileReference; lastKnownFileType = sourcecode.swift; path = HabiticaSettingsVC.swift; sourceTree = "<group>"; };
		3FE1E2E123E1B77C00645F13 /* OkAlert.swift */ = {isa = PBXFileReference; lastKnownFileType = sourcecode.swift; path = OkAlert.swift; sourceTree = "<group>"; };
		3FF144B523E1E9FE004F1046 /* DarkTextField.swift */ = {isa = PBXFileReference; lastKnownFileType = sourcecode.swift; path = DarkTextField.swift; sourceTree = "<group>"; };
		5B266A12D53677A96F37D5DC /* Pods-Calbitica.release.xcconfig */ = {isa = PBXFileReference; includeInIndex = 1; lastKnownFileType = text.xcconfig; name = "Pods-Calbitica.release.xcconfig"; path = "Target Support Files/Pods-Calbitica/Pods-Calbitica.release.xcconfig"; sourceTree = "<group>"; };
		5C49268FBFFCDC9FB496DFB1 /* Pods_Calbitica.framework */ = {isa = PBXFileReference; explicitFileType = wrapper.framework; includeInIndex = 0; path = Pods_Calbitica.framework; sourceTree = BUILT_PRODUCTS_DIR; };
		80123741D259963D64E6C021 /* Pods-Calbitica.debug.xcconfig */ = {isa = PBXFileReference; includeInIndex = 1; lastKnownFileType = text.xcconfig; name = "Pods-Calbitica.debug.xcconfig"; path = "Target Support Files/Pods-Calbitica/Pods-Calbitica.debug.xcconfig"; sourceTree = "<group>"; };
		CE26005723E6907B007ACC0A /* Profile.storyboard */ = {isa = PBXFileReference; fileEncoding = 4; lastKnownFileType = file.storyboard; path = Profile.storyboard; sourceTree = "<group>"; };
		CE26005923E6952E007ACC0A /* Profile.swift */ = {isa = PBXFileReference; lastKnownFileType = sourcecode.swift; path = Profile.swift; sourceTree = "<group>"; };
		CE3C52CA23E661EE007E3E9E /* AboutVC.swift */ = {isa = PBXFileReference; lastKnownFileType = sourcecode.swift; path = AboutVC.swift; sourceTree = "<group>"; };
		CE4A9DCB23E5281E00D01229 /* Login.storyboard */ = {isa = PBXFileReference; fileEncoding = 4; lastKnownFileType = file.storyboard; path = Login.storyboard; sourceTree = "<group>"; };
/* End PBXFileReference section */

/* Begin PBXFrameworksBuildPhase section */
		3FA1F06723CACE4100450777 /* Frameworks */ = {
			isa = PBXFrameworksBuildPhase;
			buildActionMask = 2147483647;
			files = (
				4E468781AAC1AD48BE0E0620 /* Pods_Calbitica.framework in Frameworks */,
			);
			runOnlyForDeploymentPostprocessing = 0;
		};
/* End PBXFrameworksBuildPhase section */

/* Begin PBXGroup section */
		2B6F3294AD6358717C0B153B /* Frameworks */ = {
			isa = PBXGroup;
			children = (
				3FB1B37223DCAD2700E96A54 /* GTMAppAuth.framework */,
				3FB1B37423DCAD2700E96A54 /* GTMSessionFetcher.framework */,
				3FB1B37623DCAD2700E96A54 /* JZCalendarWeekView.framework */,
				3FB1B37023DCAD2100E96A54 /* AppAuth.framework */,
				5C49268FBFFCDC9FB496DFB1 /* Pods_Calbitica.framework */,
			);
			name = Frameworks;
			sourceTree = "<group>";
		};
		3F86478D23CF473000F262CD /* Nav */ = {
			isa = PBXGroup;
			children = (
				3F86478E23CF47C700F262CD /* TabBarTBC.swift */,
			);
			path = Nav;
			sourceTree = "<group>";
		};
		3FA1F06123CACE4100450777 = {
			isa = PBXGroup;
			children = (
				3FA1F06C23CACE4100450777 /* Calbitica */,
				3FA1F06B23CACE4100450777 /* Products */,
				F5FB878FB34D1620867F445E /* Pods */,
				2B6F3294AD6358717C0B153B /* Frameworks */,
			);
			sourceTree = "<group>";
		};
		3FA1F06B23CACE4100450777 /* Products */ = {
			isa = PBXGroup;
			children = (
				3FA1F06A23CACE4100450777 /* Calbitica.app */,
			);
			name = Products;
			sourceTree = "<group>";
		};
		3FA1F06C23CACE4100450777 /* Calbitica */ = {
			isa = PBXGroup;
			children = (
				3FF144B423E1E9D5004F1046 /* Components */,
				3FD9270923CF503A00046C7D /* Profile */,
				3FD9270623CF4E5300046C7D /* Settings */,
				3FD9270323CF4CCE00046C7D /* Agenda */,
				3F86478D23CF473000F262CD /* Nav */,
				3FC7776723CD290000586A58 /* Week */,
				3FA1F09323CB5E9F00450777 /* Models */,
				3FA1F08C23CAD81A00450777 /* Util */,
				3FA1F08523CAD23300450777 /* Auth */,
				3FA1F06D23CACE4100450777 /* AppDelegate.swift */,
				3FA1F06F23CACE4100450777 /* ViewController.swift */,
				3FA1F07923CACE4200450777 /* LaunchScreen.storyboard */,
				3FA1F07123CACE4100450777 /* Main.storyboard */,
				3FA1F07723CACE4200450777 /* Assets.xcassets */,
				3FA1F07C23CACE4200450777 /* Info.plist */,
				3FA1F07423CACE4100450777 /* Calbitica.xcdatamodeld */,
				3F86478B23CF452B00F262CD /* Switcher.swift */,
			);
			path = Calbitica;
			sourceTree = "<group>";
		};
		3FA1F08523CAD23300450777 /* Auth */ = {
			isa = PBXGroup;
			children = (
				CE4A9DCB23E5281E00D01229 /* Login.storyboard */,
				3FA1F08623CAD2A400450777 /* AuthController.swift */,
				3FA1F08A23CAD3A400450777 /* SignInVC.swift */,
			);
			path = Auth;
			sourceTree = "<group>";
		};
		3FA1F08C23CAD81A00450777 /* Util */ = {
			isa = PBXGroup;
			children = (
				3FA1F08F23CADA4300450777 /* Calbitica.swift */,
				3FA1F09123CADCC400450777 /* HttpUtil.swift */,
				3FC7776523CD253A00586A58 /* JsonUtil.swift */,
				3FE0D39F23DBF00F004B4FC8 /* SpinnerAlert.swift */,
				3F96746723DC7D5500168915 /* DateUtil.swift */,
				3FA103C923DD99B50058615F /* Constants.swift */,
				3FE1E2E123E1B77C00645F13 /* OkAlert.swift */,
			);
			path = Util;
			sourceTree = "<group>";
		};
		3FA1F09323CB5E9F00450777 /* Models */ = {
			isa = PBXGroup;
			children = (
				3F5E9D5923E3BE330012252C /* Calbit.swift */,
				3FC7776023CD0AAE00586A58 /* CalbiticaCalendar.swift */,
				3FC7775F23CD0AAE00586A58 /* User.swift */,
				3FA1F09423CB5EB000450777 /* CalbiticaCalbits.swift */,
				3FC5100923D1619200FE944C /* CalbiticaResponse.swift */,
				CE26005923E6952E007ACC0A /* Profile.swift */,
			);
			path = Models;
			sourceTree = "<group>";
		};
		3FB1B37823DCAE5C00E96A54 /* CustomWV */ = {
			isa = PBXGroup;
			children = (
				3FB1B36B23DC9F4000E96A54 /* CCView.swift */,
				3FB1B37923DCAE9200E96A54 /* DarkCCViewColHeader.swift */,
				3FB1B37B23DCAEBB00E96A54 /* DarkCCViewRowHeader.swift */,
			);
			path = CustomWV;
			sourceTree = "<group>";
		};
		3FC7776723CD290000586A58 /* Week */ = {
			isa = PBXGroup;
			children = (
				3FB1B37823DCAE5C00E96A54 /* CustomWV */,
				3FE0D3A223DBF932004B4FC8 /* Week.storyboard */,
				3F86478923CF3DD900F262CD /* WeekVC.swift */,
				3F14091A23DC0C0F00651B35 /* SaveCalbitVC.swift */,
				3F5ED37823E2A867004FC6C0 /* CalbitDetailVC.swift */,
			);
			path = Week;
			sourceTree = "<group>";
		};
		3FD9270323CF4CCE00046C7D /* Agenda */ = {
			isa = PBXGroup;
			children = (
				3FD9270423CF4CEE00046C7D /* AgendaVC.swift */,
			);
			path = Agenda;
			sourceTree = "<group>";
		};
		3FD9270623CF4E5300046C7D /* Settings */ = {
			isa = PBXGroup;
			children = (
				3FA103C523DD96F20058615F /* CalendarTVC.swift */,
				3F229CEF23D542EE00B1BA5C /* Settings.storyboard */,
				3FD9270723CF4E6700046C7D /* SettingsVC.swift */,
				3FE1E2DF23E19D5000645F13 /* HabiticaSettingsVC.swift */,
				CE3C52CA23E661EE007E3E9E /* AboutVC.swift */,
			);
			path = Settings;
			sourceTree = "<group>";
		};
		3FD9270923CF503A00046C7D /* Profile */ = {
			isa = PBXGroup;
			children = (
				CE26005723E6907B007ACC0A /* Profile.storyboard */,
				3FD9270A23CF505A00046C7D /* ProfileVC.swift */,
			);
			path = Profile;
			sourceTree = "<group>";
		};
		3FF144B423E1E9D5004F1046 /* Components */ = {
			isa = PBXGroup;
			children = (
				3FF144B523E1E9FE004F1046 /* DarkTextField.swift */,
			);
			path = Components;
			sourceTree = "<group>";
		};
		F5FB878FB34D1620867F445E /* Pods */ = {
			isa = PBXGroup;
			children = (
				80123741D259963D64E6C021 /* Pods-Calbitica.debug.xcconfig */,
				5B266A12D53677A96F37D5DC /* Pods-Calbitica.release.xcconfig */,
			);
			path = Pods;
			sourceTree = "<group>";
		};
/* End PBXGroup section */

/* Begin PBXNativeTarget section */
		3FA1F06923CACE4100450777 /* Calbitica */ = {
			isa = PBXNativeTarget;
			buildConfigurationList = 3FA1F07F23CACE4200450777 /* Build configuration list for PBXNativeTarget "Calbitica" */;
			buildPhases = (
				446B671393597C4E741632D6 /* [CP] Check Pods Manifest.lock */,
				3FA1F06623CACE4100450777 /* Sources */,
				3FA1F06723CACE4100450777 /* Frameworks */,
				3FA1F06823CACE4100450777 /* Resources */,
				364DA631207BF0CEDC36BCFF /* [CP] Embed Pods Frameworks */,
				390A552E287C1FDC5DB0AA69 /* [CP] Copy Pods Resources */,
			);
			buildRules = (
			);
			dependencies = (
			);
			name = Calbitica;
			productName = Calbitica;
			productReference = 3FA1F06A23CACE4100450777 /* Calbitica.app */;
			productType = "com.apple.product-type.application";
		};
/* End PBXNativeTarget section */

/* Begin PBXProject section */
		3FA1F06223CACE4100450777 /* Project object */ = {
			isa = PBXProject;
			attributes = {
				LastSwiftUpdateCheck = 0940;
				LastUpgradeCheck = 0940;
				ORGANIZATIONNAME = Calbitica;
				TargetAttributes = {
					3FA1F06923CACE4100450777 = {
						CreatedOnToolsVersion = 9.4.1;
						LastSwiftMigration = 1020;
					};
				};
			};
			buildConfigurationList = 3FA1F06523CACE4100450777 /* Build configuration list for PBXProject "Calbitica" */;
			compatibilityVersion = "Xcode 9.3";
			developmentRegion = en;
			hasScannedForEncodings = 0;
			knownRegions = (
				en,
				Base,
			);
			mainGroup = 3FA1F06123CACE4100450777;
			productRefGroup = 3FA1F06B23CACE4100450777 /* Products */;
			projectDirPath = "";
			projectRoot = "";
			targets = (
				3FA1F06923CACE4100450777 /* Calbitica */,
			);
		};
/* End PBXProject section */

/* Begin PBXResourcesBuildPhase section */
		3FA1F06823CACE4100450777 /* Resources */ = {
			isa = PBXResourcesBuildPhase;
			buildActionMask = 2147483647;
			files = (
				3FA1F07B23CACE4200450777 /* LaunchScreen.storyboard in Resources */,
				CE4A9DCC23E5281E00D01229 /* Login.storyboard in Resources */,
				3FA1F07823CACE4200450777 /* Assets.xcassets in Resources */,
				3FA1F07323CACE4100450777 /* Main.storyboard in Resources */,
				3FE0D3A323DBF933004B4FC8 /* Week.storyboard in Resources */,
				CE26005823E6907B007ACC0A /* Profile.storyboard in Resources */,
				3F229CF023D542EE00B1BA5C /* Settings.storyboard in Resources */,
			);
			runOnlyForDeploymentPostprocessing = 0;
		};
/* End PBXResourcesBuildPhase section */

/* Begin PBXShellScriptBuildPhase section */
		364DA631207BF0CEDC36BCFF /* [CP] Embed Pods Frameworks */ = {
			isa = PBXShellScriptBuildPhase;
			buildActionMask = 2147483647;
			files = (
			);
			inputFileListPaths = (
				"${PODS_ROOT}/Target Support Files/Pods-Calbitica/Pods-Calbitica-frameworks-${CONFIGURATION}-input-files.xcfilelist",
			);
			name = "[CP] Embed Pods Frameworks";
			outputFileListPaths = (
				"${PODS_ROOT}/Target Support Files/Pods-Calbitica/Pods-Calbitica-frameworks-${CONFIGURATION}-output-files.xcfilelist",
			);
			runOnlyForDeploymentPostprocessing = 0;
			shellPath = /bin/sh;
			shellScript = "\"${PODS_ROOT}/Target Support Files/Pods-Calbitica/Pods-Calbitica-frameworks.sh\"\n";
			showEnvVarsInLog = 0;
		};
		390A552E287C1FDC5DB0AA69 /* [CP] Copy Pods Resources */ = {
			isa = PBXShellScriptBuildPhase;
			buildActionMask = 2147483647;
			files = (
			);
			inputFileListPaths = (
				"${PODS_ROOT}/Target Support Files/Pods-Calbitica/Pods-Calbitica-resources-${CONFIGURATION}-input-files.xcfilelist",
			);
			name = "[CP] Copy Pods Resources";
			outputFileListPaths = (
				"${PODS_ROOT}/Target Support Files/Pods-Calbitica/Pods-Calbitica-resources-${CONFIGURATION}-output-files.xcfilelist",
			);
			runOnlyForDeploymentPostprocessing = 0;
			shellPath = /bin/sh;
			shellScript = "\"${PODS_ROOT}/Target Support Files/Pods-Calbitica/Pods-Calbitica-resources.sh\"\n";
			showEnvVarsInLog = 0;
		};
		446B671393597C4E741632D6 /* [CP] Check Pods Manifest.lock */ = {
			isa = PBXShellScriptBuildPhase;
			buildActionMask = 2147483647;
			files = (
			);
			inputFileListPaths = (
			);
			inputPaths = (
				"${PODS_PODFILE_DIR_PATH}/Podfile.lock",
				"${PODS_ROOT}/Manifest.lock",
			);
			name = "[CP] Check Pods Manifest.lock";
			outputFileListPaths = (
			);
			outputPaths = (
				"$(DERIVED_FILE_DIR)/Pods-Calbitica-checkManifestLockResult.txt",
			);
			runOnlyForDeploymentPostprocessing = 0;
			shellPath = /bin/sh;
			shellScript = "diff \"${PODS_PODFILE_DIR_PATH}/Podfile.lock\" \"${PODS_ROOT}/Manifest.lock\" > /dev/null\nif [ $? != 0 ] ; then\n    # print error to STDERR\n    echo \"error: The sandbox is not in sync with the Podfile.lock. Run 'pod install' or update your CocoaPods installation.\" >&2\n    exit 1\nfi\n# This output is used by Xcode 'outputs' to avoid re-running this script phase.\necho \"SUCCESS\" > \"${SCRIPT_OUTPUT_FILE_0}\"\n";
			showEnvVarsInLog = 0;
		};
/* End PBXShellScriptBuildPhase section */

/* Begin PBXSourcesBuildPhase section */
		3FA1F06623CACE4100450777 /* Sources */ = {
			isa = PBXSourcesBuildPhase;
			buildActionMask = 2147483647;
			files = (
				3FA1F07023CACE4100450777 /* ViewController.swift in Sources */,
				3FA103C623DD96F20058615F /* CalendarTVC.swift in Sources */,
				3FE1E2E223E1B77C00645F13 /* OkAlert.swift in Sources */,
				3F86478A23CF3DD900F262CD /* WeekVC.swift in Sources */,
				3FA1F09023CADA4300450777 /* Calbitica.swift in Sources */,
				3FC5100A23D1619200FE944C /* CalbiticaResponse.swift in Sources */,
				3F86478F23CF47C700F262CD /* TabBarTBC.swift in Sources */,
				3FA1F08723CAD2A400450777 /* AuthController.swift in Sources */,
				3F96746823DC7D5500168915 /* DateUtil.swift in Sources */,
				3FD9270823CF4E6700046C7D /* SettingsVC.swift in Sources */,
				3FB1B37C23DCAEBB00E96A54 /* DarkCCViewRowHeader.swift in Sources */,
				3FB1B36C23DC9F4000E96A54 /* CCView.swift in Sources */,
				3FD9270523CF4CEE00046C7D /* AgendaVC.swift in Sources */,
				3F86478C23CF452B00F262CD /* Switcher.swift in Sources */,
				3FA1F06E23CACE4100450777 /* AppDelegate.swift in Sources */,
				3FF144B623E1E9FE004F1046 /* DarkTextField.swift in Sources */,
				3FA1F08B23CAD3A400450777 /* SignInVC.swift in Sources */,
				3FA103CA23DD99B50058615F /* Constants.swift in Sources */,
				3FE0D3A023DBF00F004B4FC8 /* SpinnerAlert.swift in Sources */,
				CE26005A23E6952E007ACC0A /* Profile.swift in Sources */,
				3FC7776123CD0AAE00586A58 /* User.swift in Sources */,
				3FC7776623CD253A00586A58 /* JsonUtil.swift in Sources */,
				3F5E9D5A23E3BE340012252C /* Calbit.swift in Sources */,
				3FB1B37A23DCAE9200E96A54 /* DarkCCViewColHeader.swift in Sources */,
				3F5ED37923E2A867004FC6C0 /* CalbitDetailVC.swift in Sources */,
				3FD9270B23CF505A00046C7D /* ProfileVC.swift in Sources */,
				3FE1E2E023E19D5000645F13 /* HabiticaSettingsVC.swift in Sources */,
				3F14091B23DC0C0F00651B35 /* SaveCalbitVC.swift in Sources */,
				3FA1F09223CADCC400450777 /* HttpUtil.swift in Sources */,
				CE3C52CB23E661EE007E3E9E /* AboutVC.swift in Sources */,
				3FA1F09523CB5EB000450777 /* CalbiticaCalbits.swift in Sources */,
				3FA1F07623CACE4100450777 /* Calbitica.xcdatamodeld in Sources */,
				3FC7776223CD0AAE00586A58 /* CalbiticaCalendar.swift in Sources */,
			);
			runOnlyForDeploymentPostprocessing = 0;
		};
/* End PBXSourcesBuildPhase section */

/* Begin PBXVariantGroup section */
		3FA1F07123CACE4100450777 /* Main.storyboard */ = {
			isa = PBXVariantGroup;
			children = (
				3FA1F07223CACE4100450777 /* Base */,
			);
			name = Main.storyboard;
			sourceTree = "<group>";
		};
		3FA1F07923CACE4200450777 /* LaunchScreen.storyboard */ = {
			isa = PBXVariantGroup;
			children = (
				3FA1F07A23CACE4200450777 /* Base */,
			);
			name = LaunchScreen.storyboard;
			sourceTree = "<group>";
		};
/* End PBXVariantGroup section */

/* Begin XCBuildConfiguration section */
		3FA1F07D23CACE4200450777 /* Debug */ = {
			isa = XCBuildConfiguration;
			buildSettings = {
				ALWAYS_SEARCH_USER_PATHS = NO;
				CLANG_ANALYZER_NONNULL = YES;
				CLANG_ANALYZER_NUMBER_OBJECT_CONVERSION = YES_AGGRESSIVE;
				CLANG_CXX_LANGUAGE_STANDARD = "gnu++14";
				CLANG_CXX_LIBRARY = "libc++";
				CLANG_ENABLE_MODULES = YES;
				CLANG_ENABLE_OBJC_ARC = YES;
				CLANG_ENABLE_OBJC_WEAK = YES;
				CLANG_WARN_BLOCK_CAPTURE_AUTORELEASING = YES;
				CLANG_WARN_BOOL_CONVERSION = YES;
				CLANG_WARN_COMMA = YES;
				CLANG_WARN_CONSTANT_CONVERSION = YES;
				CLANG_WARN_DEPRECATED_OBJC_IMPLEMENTATIONS = YES;
				CLANG_WARN_DIRECT_OBJC_ISA_USAGE = YES_ERROR;
				CLANG_WARN_DOCUMENTATION_COMMENTS = YES;
				CLANG_WARN_EMPTY_BODY = YES;
				CLANG_WARN_ENUM_CONVERSION = YES;
				CLANG_WARN_INFINITE_RECURSION = YES;
				CLANG_WARN_INT_CONVERSION = YES;
				CLANG_WARN_NON_LITERAL_NULL_CONVERSION = YES;
				CLANG_WARN_OBJC_IMPLICIT_RETAIN_SELF = YES;
				CLANG_WARN_OBJC_LITERAL_CONVERSION = YES;
				CLANG_WARN_OBJC_ROOT_CLASS = YES_ERROR;
				CLANG_WARN_RANGE_LOOP_ANALYSIS = YES;
				CLANG_WARN_STRICT_PROTOTYPES = YES;
				CLANG_WARN_SUSPICIOUS_MOVE = YES;
				CLANG_WARN_UNGUARDED_AVAILABILITY = YES_AGGRESSIVE;
				CLANG_WARN_UNREACHABLE_CODE = YES;
				CLANG_WARN__DUPLICATE_METHOD_MATCH = YES;
				CODE_SIGN_IDENTITY = "iPhone Developer";
				COPY_PHASE_STRIP = NO;
				DEBUG_INFORMATION_FORMAT = dwarf;
				ENABLE_STRICT_OBJC_MSGSEND = YES;
				ENABLE_TESTABILITY = YES;
				GCC_C_LANGUAGE_STANDARD = gnu11;
				GCC_DYNAMIC_NO_PIC = NO;
				GCC_NO_COMMON_BLOCKS = YES;
				GCC_OPTIMIZATION_LEVEL = 0;
				GCC_PREPROCESSOR_DEFINITIONS = (
					"DEBUG=1",
					"$(inherited)",
				);
				GCC_WARN_64_TO_32_BIT_CONVERSION = YES;
				GCC_WARN_ABOUT_RETURN_TYPE = YES_ERROR;
				GCC_WARN_UNDECLARED_SELECTOR = YES;
				GCC_WARN_UNINITIALIZED_AUTOS = YES_AGGRESSIVE;
				GCC_WARN_UNUSED_FUNCTION = YES;
				GCC_WARN_UNUSED_VARIABLE = YES;
				IPHONEOS_DEPLOYMENT_TARGET = 11.4;
				MTL_ENABLE_DEBUG_INFO = YES;
				ONLY_ACTIVE_ARCH = YES;
				SDKROOT = iphoneos;
				SWIFT_ACTIVE_COMPILATION_CONDITIONS = DEBUG;
				SWIFT_OPTIMIZATION_LEVEL = "-Onone";
			};
			name = Debug;
		};
		3FA1F07E23CACE4200450777 /* Release */ = {
			isa = XCBuildConfiguration;
			buildSettings = {
				ALWAYS_SEARCH_USER_PATHS = NO;
				CLANG_ANALYZER_NONNULL = YES;
				CLANG_ANALYZER_NUMBER_OBJECT_CONVERSION = YES_AGGRESSIVE;
				CLANG_CXX_LANGUAGE_STANDARD = "gnu++14";
				CLANG_CXX_LIBRARY = "libc++";
				CLANG_ENABLE_MODULES = YES;
				CLANG_ENABLE_OBJC_ARC = YES;
				CLANG_ENABLE_OBJC_WEAK = YES;
				CLANG_WARN_BLOCK_CAPTURE_AUTORELEASING = YES;
				CLANG_WARN_BOOL_CONVERSION = YES;
				CLANG_WARN_COMMA = YES;
				CLANG_WARN_CONSTANT_CONVERSION = YES;
				CLANG_WARN_DEPRECATED_OBJC_IMPLEMENTATIONS = YES;
				CLANG_WARN_DIRECT_OBJC_ISA_USAGE = YES_ERROR;
				CLANG_WARN_DOCUMENTATION_COMMENTS = YES;
				CLANG_WARN_EMPTY_BODY = YES;
				CLANG_WARN_ENUM_CONVERSION = YES;
				CLANG_WARN_INFINITE_RECURSION = YES;
				CLANG_WARN_INT_CONVERSION = YES;
				CLANG_WARN_NON_LITERAL_NULL_CONVERSION = YES;
				CLANG_WARN_OBJC_IMPLICIT_RETAIN_SELF = YES;
				CLANG_WARN_OBJC_LITERAL_CONVERSION = YES;
				CLANG_WARN_OBJC_ROOT_CLASS = YES_ERROR;
				CLANG_WARN_RANGE_LOOP_ANALYSIS = YES;
				CLANG_WARN_STRICT_PROTOTYPES = YES;
				CLANG_WARN_SUSPICIOUS_MOVE = YES;
				CLANG_WARN_UNGUARDED_AVAILABILITY = YES_AGGRESSIVE;
				CLANG_WARN_UNREACHABLE_CODE = YES;
				CLANG_WARN__DUPLICATE_METHOD_MATCH = YES;
				CODE_SIGN_IDENTITY = "iPhone Developer";
				COPY_PHASE_STRIP = NO;
				DEBUG_INFORMATION_FORMAT = "dwarf-with-dsym";
				ENABLE_NS_ASSERTIONS = NO;
				ENABLE_STRICT_OBJC_MSGSEND = YES;
				GCC_C_LANGUAGE_STANDARD = gnu11;
				GCC_NO_COMMON_BLOCKS = YES;
				GCC_WARN_64_TO_32_BIT_CONVERSION = YES;
				GCC_WARN_ABOUT_RETURN_TYPE = YES_ERROR;
				GCC_WARN_UNDECLARED_SELECTOR = YES;
				GCC_WARN_UNINITIALIZED_AUTOS = YES_AGGRESSIVE;
				GCC_WARN_UNUSED_FUNCTION = YES;
				GCC_WARN_UNUSED_VARIABLE = YES;
				IPHONEOS_DEPLOYMENT_TARGET = 11.4;
				MTL_ENABLE_DEBUG_INFO = NO;
				SDKROOT = iphoneos;
				SWIFT_COMPILATION_MODE = wholemodule;
				SWIFT_OPTIMIZATION_LEVEL = "-O";
				VALIDATE_PRODUCT = YES;
			};
			name = Release;
		};
		3FA1F08023CACE4200450777 /* Debug */ = {
			isa = XCBuildConfiguration;
			baseConfigurationReference = 80123741D259963D64E6C021 /* Pods-Calbitica.debug.xcconfig */;
			buildSettings = {
				ASSETCATALOG_COMPILER_APPICON_NAME = AppIcon;
				CODE_SIGN_STYLE = Automatic;
				DEVELOPMENT_TEAM = QWWX656RG5;
				INFOPLIST_FILE = Calbitica/Info.plist;
				IPHONEOS_DEPLOYMENT_TARGET = 11.0;
				LD_RUNPATH_SEARCH_PATHS = (
					"$(inherited)",
					"@executable_path/Frameworks",
				);
				PRODUCT_BUNDLE_IDENTIFIER = com.calbitica.app;
				PRODUCT_NAME = "$(TARGET_NAME)";
				SWIFT_VERSION = 5.0;
				TARGETED_DEVICE_FAMILY = "1,2";
			};
			name = Debug;
		};
		3FA1F08123CACE4200450777 /* Release */ = {
			isa = XCBuildConfiguration;
			baseConfigurationReference = 5B266A12D53677A96F37D5DC /* Pods-Calbitica.release.xcconfig */;
			buildSettings = {
				ASSETCATALOG_COMPILER_APPICON_NAME = AppIcon;
				CODE_SIGN_STYLE = Automatic;
				DEVELOPMENT_TEAM = QWWX656RG5;
				INFOPLIST_FILE = Calbitica/Info.plist;
				IPHONEOS_DEPLOYMENT_TARGET = 11.0;
				LD_RUNPATH_SEARCH_PATHS = (
					"$(inherited)",
					"@executable_path/Frameworks",
				);
				PRODUCT_BUNDLE_IDENTIFIER = com.calbitica.app;
				PRODUCT_NAME = "$(TARGET_NAME)";
				SWIFT_VERSION = 5.0;
				TARGETED_DEVICE_FAMILY = "1,2";
			};
			name = Release;
		};
/* End XCBuildConfiguration section */

/* Begin XCConfigurationList section */
		3FA1F06523CACE4100450777 /* Build configuration list for PBXProject "Calbitica" */ = {
			isa = XCConfigurationList;
			buildConfigurations = (
				3FA1F07D23CACE4200450777 /* Debug */,
				3FA1F07E23CACE4200450777 /* Release */,
			);
			defaultConfigurationIsVisible = 0;
			defaultConfigurationName = Release;
		};
		3FA1F07F23CACE4200450777 /* Build configuration list for PBXNativeTarget "Calbitica" */ = {
			isa = XCConfigurationList;
			buildConfigurations = (
				3FA1F08023CACE4200450777 /* Debug */,
				3FA1F08123CACE4200450777 /* Release */,
			);
			defaultConfigurationIsVisible = 0;
			defaultConfigurationName = Release;
		};
/* End XCConfigurationList section */

/* Begin XCVersionGroup section */
		3FA1F07423CACE4100450777 /* Calbitica.xcdatamodeld */ = {
			isa = XCVersionGroup;
			children = (
				3FA1F07523CACE4100450777 /* Calbitica.xcdatamodel */,
			);
			currentVersion = 3FA1F07523CACE4100450777 /* Calbitica.xcdatamodel */;
			path = Calbitica.xcdatamodeld;
			sourceTree = "<group>";
			versionGroupType = wrapper.xcdatamodel;
		};
/* End XCVersionGroup section */
	};
	rootObject = 3FA1F06223CACE4100450777 /* Project object */;
}
